
Microsoft Visual Studio Solution File, Format Version 12.00
# Visual Studio 2012
Project("{F2A71F9B-5D33-465A-A702-920D77279786}") = "HttpServiceClient", "HttpServiceClient\HttpServiceClient.fsproj", "{AAF2D3D3-444F-4EB3-93F7-8A2BB25713A3}"
EndProject
Project("{F2A71F9B-5D33-465A-A702-920D77279786}") = "JsonTypeProvider", "JsonTypeProvider\JsonTypeProvider.fsproj", "{C5BCFD64-A11D-4091-9904-0DB2AA23D276}"
EndProject
Project("{F2A71F9B-5D33-465A-A702-920D77279786}") = "UnquoteTests", "UnquoteTests\UnquoteTests.fsproj", "{A61F9DF5-93BF-42E6-A324-7E8ED740E9B2}"
EndProject
Project("{F2A71F9B-5D33-465A-A702-920D77279786}") = "NaturalSpecTests", "NaturalSpecTests\NaturalSpecTests.fsproj", "{9AC9BC89-4EDB-4273-9D22-BD146F154AA7}"
EndProject
Project("{F2A71F9B-5D33-465A-A702-920D77279786}") = "FsUnit.XUnit.Tests", "FsUnit.XUnit.Tests\FsUnit.XUnit.Tests.fsproj", "{1ADF2931-D976-4451-A6F2-DEAD8E059F82}"
EndProject
Project("{FAE04EC0-301F-11D3-BF4B-00C04F79EFBC}") = "FsCsWebApi", "FsCs\FsCsWebApi\FsCsWebApi.csproj", "{C4891C29-68CB-41D6-A5AA-47017B057878}"
EndProject
Project("{F2A71F9B-5D33-465A-A702-920D77279786}") = "FsCsWebAppApi", "FsCs\FsCsWebAppApi\FsCsWebAppApi.fsproj", "{A999575F-C66E-42BF-A70F-655D4C3F0069}"
EndProject
Project("{F2A71F9B-5D33-465A-A702-920D77279786}") = "FsCsWebAppTests", "FsCs\FsCsWebAppTests\FsCsWebAppTests.fsproj", "{25102AF8-150F-4BA6-B519-E3FD5A70FC2C}"
EndProject
Project("{F2A71F9B-5D33-465A-A702-920D77279786}") = "FrankServer", "FrankServer\FrankServer.fsproj", "{E2F04BF7-814A-4533-903B-55EBFD17A8EB}"
EndProject
Project("{F2A71F9B-5D33-465A-A702-920D77279786}") = "NancyClient", "NancyClient\NancyClient.fsproj", "{42006908-ADDC-41DB-ADF1-EAA4BCF400CE}"
EndProject
Project("{F2A71F9B-5D33-465A-A702-920D77279786}") = "NancyService", "NancyService\NancyService.fsproj", "{8E6F1277-00FB-492C-BF0A-30C4DE633858}"
EndProject
Project("{F2A71F9B-5D33-465A-A702-920D77279786}") = "ServiceStackClient", "ServiceStackClient\ServiceStackClient.fsproj", "{F0CC5789-3D75-41EF-8ED3-0BB8BC9D49EB}"
EndProject
Project("{F2A71F9B-5D33-465A-A702-920D77279786}") = "ServiceStackServer", "ServiceStackServer\ServiceStackServer.fsproj", "{46268025-328F-48F4-8CEA-E62884BA3B54}"
EndProject
Global
	GlobalSection(SolutionConfigurationPlatforms) = preSolution
		Debug|Any CPU = Debug|Any CPU
		Release|Any CPU = Release|Any CPU
	EndGlobalSection
	GlobalSection(ProjectConfigurationPlatforms) = postSolution
		{1ADF2931-D976-4451-A6F2-DEAD8E059F82}.Debug|Any CPU.ActiveCfg = Debug|Any CPU
		{1ADF2931-D976-4451-A6F2-DEAD8E059F82}.Debug|Any CPU.Build.0 = Debug|Any CPU
		{1ADF2931-D976-4451-A6F2-DEAD8E059F82}.Release|Any CPU.ActiveCfg = Release|Any CPU
		{1ADF2931-D976-4451-A6F2-DEAD8E059F82}.Release|Any CPU.Build.0 = Release|Any CPU
		{25102AF8-150F-4BA6-B519-E3FD5A70FC2C}.Debug|Any CPU.ActiveCfg = Debug|Any CPU
		{25102AF8-150F-4BA6-B519-E3FD5A70FC2C}.Debug|Any CPU.Build.0 = Debug|Any CPU
		{25102AF8-150F-4BA6-B519-E3FD5A70FC2C}.Release|Any CPU.ActiveCfg = Release|Any CPU
		{25102AF8-150F-4BA6-B519-E3FD5A70FC2C}.Release|Any CPU.Build.0 = Release|Any CPU
		{42006908-ADDC-41DB-ADF1-EAA4BCF400CE}.Debug|Any CPU.ActiveCfg = Debug|Any CPU
		{42006908-ADDC-41DB-ADF1-EAA4BCF400CE}.Debug|Any CPU.Build.0 = Debug|Any CPU
		{42006908-ADDC-41DB-ADF1-EAA4BCF400CE}.Release|Any CPU.ActiveCfg = Release|Any CPU
		{42006908-ADDC-41DB-ADF1-EAA4BCF400CE}.Release|Any CPU.Build.0 = Release|Any CPU
		{46268025-328F-48F4-8CEA-E62884BA3B54}.Debug|Any CPU.ActiveCfg = Debug|Any CPU
		{46268025-328F-48F4-8CEA-E62884BA3B54}.Debug|Any CPU.Build.0 = Debug|Any CPU
		{46268025-328F-48F4-8CEA-E62884BA3B54}.Release|Any CPU.ActiveCfg = Release|Any CPU
		{46268025-328F-48F4-8CEA-E62884BA3B54}.Release|Any CPU.Build.0 = Release|Any CPU
		{8E6F1277-00FB-492C-BF0A-30C4DE633858}.Debug|Any CPU.ActiveCfg = Debug|Any CPU
		{8E6F1277-00FB-492C-BF0A-30C4DE633858}.Debug|Any CPU.Build.0 = Debug|Any CPU
		{8E6F1277-00FB-492C-BF0A-30C4DE633858}.Release|Any CPU.ActiveCfg = Release|Any CPU
		{8E6F1277-00FB-492C-BF0A-30C4DE633858}.Release|Any CPU.Build.0 = Release|Any CPU
		{9AC9BC89-4EDB-4273-9D22-BD146F154AA7}.Debug|Any CPU.ActiveCfg = Debug|Any CPU
		{9AC9BC89-4EDB-4273-9D22-BD146F154AA7}.Debug|Any CPU.Build.0 = Debug|Any CPU
		{9AC9BC89-4EDB-4273-9D22-BD146F154AA7}.Release|Any CPU.ActiveCfg = Release|Any CPU
		{9AC9BC89-4EDB-4273-9D22-BD146F154AA7}.Release|Any CPU.Build.0 = Release|Any CPU
		{A61F9DF5-93BF-42E6-A324-7E8ED740E9B2}.Debug|Any CPU.ActiveCfg = Debug|Any CPU
		{A61F9DF5-93BF-42E6-A324-7E8ED740E9B2}.Debug|Any CPU.Build.0 = Debug|Any CPU
		{A61F9DF5-93BF-42E6-A324-7E8ED740E9B2}.Release|Any CPU.ActiveCfg = Release|Any CPU
		{A61F9DF5-93BF-42E6-A324-7E8ED740E9B2}.Release|Any CPU.Build.0 = Release|Any CPU
		{A999575F-C66E-42BF-A70F-655D4C3F0069}.Debug|Any CPU.ActiveCfg = Debug|Any CPU
		{A999575F-C66E-42BF-A70F-655D4C3F0069}.Debug|Any CPU.Build.0 = Debug|Any CPU
		{A999575F-C66E-42BF-A70F-655D4C3F0069}.Release|Any CPU.ActiveCfg = Release|Any CPU
		{A999575F-C66E-42BF-A70F-655D4C3F0069}.Release|Any CPU.Build.0 = Release|Any CPU
		{AAF2D3D3-444F-4EB3-93F7-8A2BB25713A3}.Debug|Any CPU.ActiveCfg = Debug|Any CPU
		{AAF2D3D3-444F-4EB3-93F7-8A2BB25713A3}.Debug|Any CPU.Build.0 = Debug|Any CPU
		{AAF2D3D3-444F-4EB3-93F7-8A2BB25713A3}.Release|Any CPU.ActiveCfg = Release|Any CPU
		{AAF2D3D3-444F-4EB3-93F7-8A2BB25713A3}.Release|Any CPU.Build.0 = Release|Any CPU
		{C4891C29-68CB-41D6-A5AA-47017B057878}.Debug|Any CPU.ActiveCfg = Debug|Any CPU
		{C4891C29-68CB-41D6-A5AA-47017B057878}.Debug|Any CPU.Build.0 = Debug|Any CPU
		{C4891C29-68CB-41D6-A5AA-47017B057878}.Release|Any CPU.ActiveCfg = Release|Any CPU
		{C4891C29-68CB-41D6-A5AA-47017B057878}.Release|Any CPU.Build.0 = Release|Any CPU
		{C5BCFD64-A11D-4091-9904-0DB2AA23D276}.Debug|Any CPU.ActiveCfg = Debug|Any CPU
		{C5BCFD64-A11D-4091-9904-0DB2AA23D276}.Debug|Any CPU.Build.0 = Debug|Any CPU
		{C5BCFD64-A11D-4091-9904-0DB2AA23D276}.Release|Any CPU.ActiveCfg = Release|Any CPU
		{C5BCFD64-A11D-4091-9904-0DB2AA23D276}.Release|Any CPU.Build.0 = Release|Any CPU
		{E2F04BF7-814A-4533-903B-55EBFD17A8EB}.Debug|Any CPU.ActiveCfg = Debug|Any CPU
		{E2F04BF7-814A-4533-903B-55EBFD17A8EB}.Debug|Any CPU.Build.0 = Debug|Any CPU
		{E2F04BF7-814A-4533-903B-55EBFD17A8EB}.Release|Any CPU.ActiveCfg = Release|Any CPU
		{E2F04BF7-814A-4533-903B-55EBFD17A8EB}.Release|Any CPU.Build.0 = Release|Any CPU
		{F0CC5789-3D75-41EF-8ED3-0BB8BC9D49EB}.Debug|Any CPU.ActiveCfg = Debug|Any CPU
		{F0CC5789-3D75-41EF-8ED3-0BB8BC9D49EB}.Debug|Any CPU.Build.0 = Debug|Any CPU
		{F0CC5789-3D75-41EF-8ED3-0BB8BC9D49EB}.Release|Any CPU.ActiveCfg = Release|Any CPU
		{F0CC5789-3D75-41EF-8ED3-0BB8BC9D49EB}.Release|Any CPU.Build.0 = Release|Any CPU
	EndGlobalSection
	GlobalSection(SolutionProperties) = preSolution
		HideSolutionNode = FALSE
	EndGlobalSection
EndGlobal
