
Microsoft Visual Studio Solution File, Format Version 12.00
# Visual Studio 11
Project("{FAE04EC0-301F-11D3-BF4B-00C04F79EFBC}") = "Web", "OReillyFsWcf\Web\Web.csproj", "{FEE4B319-624C-4A9C-89BC-7E16DDBCA715}"
EndProject
Project("{F2A71F9B-5D33-465A-A702-920D77279786}") = "Services", "OReillyFsWcf\Services\Services.fsproj", "{88EB4774-51A2-4BF7-874C-009A0C3B3ADD}"
EndProject
Project("{F2A71F9B-5D33-465A-A702-920D77279786}") = "Contracts", "OReillyFsWcf\Contracts\Contracts.fsproj", "{2BA2E92E-A3FB-4999-9FA2-0F9CA749A76B}"
EndProject
Project("{F2A71F9B-5D33-465A-A702-920D77279786}") = "WcfConsumer", "WcfConsumer\WcfConsumer.fsproj", "{07A7006E-67DF-4CA9-B987-1C6654898FFD}"
EndProject
Global
	GlobalSection(SolutionConfigurationPlatforms) = preSolution
		Debug|Any CPU = Debug|Any CPU
		Release|Any CPU = Release|Any CPU
	EndGlobalSection
	GlobalSection(ProjectConfigurationPlatforms) = postSolution
		{07A7006E-67DF-4CA9-B987-1C6654898FFD}.Debug|Any CPU.ActiveCfg = Debug|Any CPU
		{07A7006E-67DF-4CA9-B987-1C6654898FFD}.Debug|Any CPU.Build.0 = Debug|Any CPU
		{07A7006E-67DF-4CA9-B987-1C6654898FFD}.Release|Any CPU.ActiveCfg = Release|Any CPU
		{07A7006E-67DF-4CA9-B987-1C6654898FFD}.Release|Any CPU.Build.0 = Release|Any CPU
		{2BA2E92E-A3FB-4999-9FA2-0F9CA749A76B}.Debug|Any CPU.ActiveCfg = Debug|Any CPU
		{2BA2E92E-A3FB-4999-9FA2-0F9CA749A76B}.Debug|Any CPU.Build.0 = Debug|Any CPU
		{2BA2E92E-A3FB-4999-9FA2-0F9CA749A76B}.Release|Any CPU.ActiveCfg = Release|Any CPU
		{2BA2E92E-A3FB-4999-9FA2-0F9CA749A76B}.Release|Any CPU.Build.0 = Release|Any CPU
		{88EB4774-51A2-4BF7-874C-009A0C3B3ADD}.Debug|Any CPU.ActiveCfg = Debug|Any CPU
		{88EB4774-51A2-4BF7-874C-009A0C3B3ADD}.Debug|Any CPU.Build.0 = Debug|Any CPU
		{88EB4774-51A2-4BF7-874C-009A0C3B3ADD}.Release|Any CPU.ActiveCfg = Release|Any CPU
		{88EB4774-51A2-4BF7-874C-009A0C3B3ADD}.Release|Any CPU.Build.0 = Release|Any CPU
		{FEE4B319-624C-4A9C-89BC-7E16DDBCA715}.Debug|Any CPU.ActiveCfg = Debug|Any CPU
		{FEE4B319-624C-4A9C-89BC-7E16DDBCA715}.Debug|Any CPU.Build.0 = Debug|Any CPU
		{FEE4B319-624C-4A9C-89BC-7E16DDBCA715}.Release|Any CPU.ActiveCfg = Release|Any CPU
		{FEE4B319-624C-4A9C-89BC-7E16DDBCA715}.Release|Any CPU.Build.0 = Release|Any CPU
	EndGlobalSection
	GlobalSection(SolutionProperties) = preSolution
		HideSolutionNode = FALSE
	EndGlobalSection
EndGlobal
